
Microsoft Visual Studio Solution File, Format Version 12.00
# Visual Studio Version 17
VisualStudioVersion = 17.10.35004.147
MinimumVisualStudioVersion = 10.0.40219.1
Project("{9A19103F-16F7-4668-BE54-9A1E7A4F7556}") = "WebAPI", "WebAPI\WebAPI.csproj", "{AA8BBFA8-4662-45B3-9EA0-E63E0E803596}"
EndProject
Project("{9A19103F-16F7-4668-BE54-9A1E7A4F7556}") = "Service", "Service\Service.csproj", "{3F1AD93F-22E3-491A-B1C3-4BF310666374}"
EndProject
Project("{2150E333-8FDC-42A3-9474-1A3956D46DE8}") = "方案項目", "方案項目", "{C1CB0136-1B88-4BA8-9DCF-9D93C1D29FDB}"
EndProject
Project("{9A19103F-16F7-4668-BE54-9A1E7A4F7556}") = "DataBase", "DataBase\DataBase.csproj", "{F05E3C7E-6C76-4BF5-923F-66DEB56969B8}"
EndProject
Project("{9A19103F-16F7-4668-BE54-9A1E7A4F7556}") = "Repository", "Repository\Repository.csproj", "{980C2EB4-BC99-4364-9A76-60CC47202E9A}"
EndProject
Project("{9A19103F-16F7-4668-BE54-9A1E7A4F7556}") = "Common", "Common\Common.csproj", "{B88DB5EB-5DA0-4994-8A3B-66BD41902104}"
EndProject
Global
	GlobalSection(SolutionConfigurationPlatforms) = preSolution
		Debug|Any CPU = Debug|Any CPU
		Release|Any CPU = Release|Any CPU
	EndGlobalSection
	GlobalSection(ProjectConfigurationPlatforms) = postSolution
		{AA8BBFA8-4662-45B3-9EA0-E63E0E803596}.Debug|Any CPU.ActiveCfg = Debug|Any CPU
		{AA8BBFA8-4662-45B3-9EA0-E63E0E803596}.Debug|Any CPU.Build.0 = Debug|Any CPU
		{AA8BBFA8-4662-45B3-9EA0-E63E0E803596}.Release|Any CPU.ActiveCfg = Release|Any CPU
		{AA8BBFA8-4662-45B3-9EA0-E63E0E803596}.Release|Any CPU.Build.0 = Release|Any CPU
		{3F1AD93F-22E3-491A-B1C3-4BF310666374}.Debug|Any CPU.ActiveCfg = Debug|Any CPU
		{3F1AD93F-22E3-491A-B1C3-4BF310666374}.Debug|Any CPU.Build.0 = Debug|Any CPU
		{3F1AD93F-22E3-491A-B1C3-4BF310666374}.Release|Any CPU.ActiveCfg = Release|Any CPU
		{3F1AD93F-22E3-491A-B1C3-4BF310666374}.Release|Any CPU.Build.0 = Release|Any CPU
		{F05E3C7E-6C76-4BF5-923F-66DEB56969B8}.Debug|Any CPU.ActiveCfg = Debug|Any CPU
		{F05E3C7E-6C76-4BF5-923F-66DEB56969B8}.Debug|Any CPU.Build.0 = Debug|Any CPU
		{F05E3C7E-6C76-4BF5-923F-66DEB56969B8}.Release|Any CPU.ActiveCfg = Release|Any CPU
		{F05E3C7E-6C76-4BF5-923F-66DEB56969B8}.Release|Any CPU.Build.0 = Release|Any CPU
		{980C2EB4-BC99-4364-9A76-60CC47202E9A}.Debug|Any CPU.ActiveCfg = Debug|Any CPU
		{980C2EB4-BC99-4364-9A76-60CC47202E9A}.Debug|Any CPU.Build.0 = Debug|Any CPU
		{980C2EB4-BC99-4364-9A76-60CC47202E9A}.Release|Any CPU.ActiveCfg = Release|Any CPU
		{980C2EB4-BC99-4364-9A76-60CC47202E9A}.Release|Any CPU.Build.0 = Release|Any CPU
		{B88DB5EB-5DA0-4994-8A3B-66BD41902104}.Debug|Any CPU.ActiveCfg = Debug|Any CPU
		{B88DB5EB-5DA0-4994-8A3B-66BD41902104}.Debug|Any CPU.Build.0 = Debug|Any CPU
		{B88DB5EB-5DA0-4994-8A3B-66BD41902104}.Release|Any CPU.ActiveCfg = Release|Any CPU
		{B88DB5EB-5DA0-4994-8A3B-66BD41902104}.Release|Any CPU.Build.0 = Release|Any CPU
	EndGlobalSection
	GlobalSection(SolutionProperties) = preSolution
		HideSolutionNode = FALSE
	EndGlobalSection
	GlobalSection(ExtensibilityGlobals) = postSolution
		SolutionGuid = {9F59B4EB-4FFE-42A6-A2C1-5994618F6EA6}
	EndGlobalSection
EndGlobal
